
Microsoft Visual Studio Solution File, Format Version 12.00
# Visual Studio Version 17
VisualStudioVersion = 17.3.32804.467
MinimumVisualStudioVersion = 10.0.40219.1
Project("{2150E333-8FDC-42A3-9474-1A3956D46DE8}") = "Microservices", "Microservices", "{1C5E6D67-2AF5-4960-A693-1D27E3762825}"
EndProject
Project("{2150E333-8FDC-42A3-9474-1A3956D46DE8}") = "ApiGateway", "ApiGateway", "{D72F392D-97EE-4BD5-B4EA-52E054D7C44D}"
EndProject
Project("{2150E333-8FDC-42A3-9474-1A3956D46DE8}") = "Review", "Review", "{1C21C67D-4877-4C33-8003-23D9436A8D15}"
EndProject
Project("{9A19103F-16F7-4668-BE54-9A1E7A4F7556}") = "ReviewService", "backend\Microservices\Review\ReviewService\ReviewService.csproj", "{7B5EBC3E-D307-4E90-9CA2-D1275160D0F4}"
	ProjectSection(ProjectDependencies) = postProject
		{C8761616-05E7-4862-BAE6-60EE0A9928E4} = {C8761616-05E7-4862-BAE6-60EE0A9928E4}
	EndProjectSection
EndProject
Project("{9A19103F-16F7-4668-BE54-9A1E7A4F7556}") = "MorvieReview.Infrastructure", "backend\Microservices\Review\MorvieReview.Infrastructure\MorvieReview.Infrastructure.csproj", "{98F2478B-B9E1-4E06-9414-8AA4E88483D5}"
EndProject
Project("{9A19103F-16F7-4668-BE54-9A1E7A4F7556}") = "MorvieReview.Domain", "backend\Microservices\Review\MorvieReview.Domain\MorvieReview.Domain.csproj", "{E14C344E-0821-4E97-B15F-F101A95A6EAD}"
EndProject
Project("{9A19103F-16F7-4668-BE54-9A1E7A4F7556}") = "MorvieReview.Application", "backend\Microservices\Review\MorvieReview.Application\MorvieReview.Application.csproj", "{C8761616-05E7-4862-BAE6-60EE0A9928E4}"
EndProject
Project("{E53339B2-1760-4266-BCC7-CA923CBCF16C}") = "docker-compose", "docker-compose.dcproj", "{F50EE24E-EA19-4BC5-997F-AE3CD2306214}"
EndProject
Project("{FAE04EC0-301F-11D3-BF4B-00C04F79EFBC}") = "Ocelot Gateway", "Ocelot Gateway\Ocelot Gateway.csproj", "{643EA5D4-F348-43C5-934E-BF68D3A0C5E2}"
EndProject
Project("{9A19103F-16F7-4668-BE54-9A1E7A4F7556}") = "OcelotApiGateway", "OcelotApiGateway\OcelotApiGateway.csproj", "{2676A16E-1271-4E04-A629-B5466D9F7DC2}"
EndProject
Global
	GlobalSection(SolutionConfigurationPlatforms) = preSolution
		Debug|Any CPU = Debug|Any CPU
		Release|Any CPU = Release|Any CPU
	EndGlobalSection
	GlobalSection(ProjectConfigurationPlatforms) = postSolution
		{7B5EBC3E-D307-4E90-9CA2-D1275160D0F4}.Debug|Any CPU.ActiveCfg = Debug|Any CPU
		{7B5EBC3E-D307-4E90-9CA2-D1275160D0F4}.Debug|Any CPU.Build.0 = Debug|Any CPU
		{7B5EBC3E-D307-4E90-9CA2-D1275160D0F4}.Release|Any CPU.ActiveCfg = Release|Any CPU
		{7B5EBC3E-D307-4E90-9CA2-D1275160D0F4}.Release|Any CPU.Build.0 = Release|Any CPU
		{98F2478B-B9E1-4E06-9414-8AA4E88483D5}.Debug|Any CPU.ActiveCfg = Debug|Any CPU
		{98F2478B-B9E1-4E06-9414-8AA4E88483D5}.Debug|Any CPU.Build.0 = Debug|Any CPU
		{98F2478B-B9E1-4E06-9414-8AA4E88483D5}.Release|Any CPU.ActiveCfg = Release|Any CPU
		{98F2478B-B9E1-4E06-9414-8AA4E88483D5}.Release|Any CPU.Build.0 = Release|Any CPU
		{E14C344E-0821-4E97-B15F-F101A95A6EAD}.Debug|Any CPU.ActiveCfg = Debug|Any CPU
		{E14C344E-0821-4E97-B15F-F101A95A6EAD}.Debug|Any CPU.Build.0 = Debug|Any CPU
		{E14C344E-0821-4E97-B15F-F101A95A6EAD}.Release|Any CPU.ActiveCfg = Release|Any CPU
		{E14C344E-0821-4E97-B15F-F101A95A6EAD}.Release|Any CPU.Build.0 = Release|Any CPU
		{C8761616-05E7-4862-BAE6-60EE0A9928E4}.Debug|Any CPU.ActiveCfg = Debug|Any CPU
		{C8761616-05E7-4862-BAE6-60EE0A9928E4}.Debug|Any CPU.Build.0 = Debug|Any CPU
		{C8761616-05E7-4862-BAE6-60EE0A9928E4}.Release|Any CPU.ActiveCfg = Release|Any CPU
		{C8761616-05E7-4862-BAE6-60EE0A9928E4}.Release|Any CPU.Build.0 = Release|Any CPU
		{F50EE24E-EA19-4BC5-997F-AE3CD2306214}.Debug|Any CPU.ActiveCfg = Debug|Any CPU
		{F50EE24E-EA19-4BC5-997F-AE3CD2306214}.Debug|Any CPU.Build.0 = Debug|Any CPU
		{F50EE24E-EA19-4BC5-997F-AE3CD2306214}.Release|Any CPU.ActiveCfg = Release|Any CPU
		{F50EE24E-EA19-4BC5-997F-AE3CD2306214}.Release|Any CPU.Build.0 = Release|Any CPU
		{643EA5D4-F348-43C5-934E-BF68D3A0C5E2}.Debug|Any CPU.ActiveCfg = Debug|Any CPU
		{643EA5D4-F348-43C5-934E-BF68D3A0C5E2}.Debug|Any CPU.Build.0 = Debug|Any CPU
		{643EA5D4-F348-43C5-934E-BF68D3A0C5E2}.Release|Any CPU.ActiveCfg = Release|Any CPU
		{643EA5D4-F348-43C5-934E-BF68D3A0C5E2}.Release|Any CPU.Build.0 = Release|Any CPU
		{2676A16E-1271-4E04-A629-B5466D9F7DC2}.Debug|Any CPU.ActiveCfg = Debug|Any CPU
		{2676A16E-1271-4E04-A629-B5466D9F7DC2}.Debug|Any CPU.Build.0 = Debug|Any CPU
		{2676A16E-1271-4E04-A629-B5466D9F7DC2}.Release|Any CPU.ActiveCfg = Release|Any CPU
		{2676A16E-1271-4E04-A629-B5466D9F7DC2}.Release|Any CPU.Build.0 = Release|Any CPU
	EndGlobalSection
	GlobalSection(SolutionProperties) = preSolution
		HideSolutionNode = FALSE
	EndGlobalSection
	GlobalSection(NestedProjects) = preSolution
		{1C21C67D-4877-4C33-8003-23D9436A8D15} = {1C5E6D67-2AF5-4960-A693-1D27E3762825}
		{7B5EBC3E-D307-4E90-9CA2-D1275160D0F4} = {1C21C67D-4877-4C33-8003-23D9436A8D15}
		{98F2478B-B9E1-4E06-9414-8AA4E88483D5} = {1C21C67D-4877-4C33-8003-23D9436A8D15}
		{E14C344E-0821-4E97-B15F-F101A95A6EAD} = {1C21C67D-4877-4C33-8003-23D9436A8D15}
		{C8761616-05E7-4862-BAE6-60EE0A9928E4} = {1C21C67D-4877-4C33-8003-23D9436A8D15}
		{643EA5D4-F348-43C5-934E-BF68D3A0C5E2} = {D72F392D-97EE-4BD5-B4EA-52E054D7C44D}
		{2676A16E-1271-4E04-A629-B5466D9F7DC2} = {D72F392D-97EE-4BD5-B4EA-52E054D7C44D}
	EndGlobalSection
	GlobalSection(ExtensibilityGlobals) = postSolution
		SolutionGuid = {49C3543A-295E-4BE8-84E1-E767744F2AF7}
	EndGlobalSection
EndGlobal
